<?xml version="1.0" encoding="utf-8"?>
<Project ToolsVersion="4.0" xmlns="http://schemas.microsoft.com/developer/msbuild/2003">
  <ItemGroup><Filter Include="Source Files"><UniqueIdentifier>{2C534B1A-DE25-4F8C-808C-9C14CD077B57}</UniqueIdentifier><Extensions>cpp;c;cxx;cc</Extensions></Filter></ItemGroup>
  <ItemGroup>
    <ClCompile Include="..\..\benchmarks\benchmark_main.cpp"><Filter>Source Files</Filter></ClCompile>
    <ClCompile Include="..\..\benchmarks\random_expression_fuzzer.cpp"><Filter>Source Files</Filter></ClCompile>
  </ItemGroup>
  <ItemGroup>
    <ClInclude Include="..\..\benchmarks\random_expression_fuzzer.hpp" />
  </ItemGroup>
</Project>
